hash: f5efbcbf80181030b752ca4b3b73240efd361da9c49f1832f86608d60b7eef12
updated: 2018-11-24T09:21:34.028078791+01:00
imports:
- name: github.com/chzyer/readline
  version: 62c6fe6193755f722b8b8788aa7357be55a50ff1
- name: github.com/lucasb-eyer/go-colorful
  version: 345fbb3dbcdb252d9985ee899a84963c0fa24c82
testImports: []
